
Microsoft Visual Studio Solution File, Format Version 12.00
# Visual Studio Version 16
VisualStudioVersion = 16.0.29609.76
MinimumVisualStudioVersion = 10.0.40219.1
Project("{FAE04EC0-301F-11D3-BF4B-00C04F79EFBC}") = "Lab02_LogicalExpression_ConditionalStatement", "Lab02_LogicalExpression_ConditionalStatement.csproj", "{79AECE0D-6959-4F97-8C61-4E992CAA65B0}"
EndProject
Global
	GlobalSection(SolutionConfigurationPlatforms) = preSolution
		Debug|Any CPU = Debug|Any CPU
		Release|Any CPU = Release|Any CPU
	EndGlobalSection
	GlobalSection(ProjectConfigurationPlatforms) = postSolution
		{79AECE0D-6959-4F97-8C61-4E992CAA65B0}.Debug|Any CPU.ActiveCfg = Debug|Any CPU
		{79AECE0D-6959-4F97-8C61-4E992CAA65B0}.Debug|Any CPU.Build.0 = Debug|Any CPU
		{79AECE0D-6959-4F97-8C61-4E992CAA65B0}.Release|Any CPU.ActiveCfg = Release|Any CPU
		{79AECE0D-6959-4F97-8C61-4E992CAA65B0}.Release|Any CPU.Build.0 = Release|Any CPU
	EndGlobalSection
	GlobalSection(SolutionProperties) = preSolution
		HideSolutionNode = FALSE
	EndGlobalSection
	GlobalSection(ExtensibilityGlobals) = postSolution
		SolutionGuid = {28F61360-9B02-4649-92D1-3100C074CB45}
	EndGlobalSection
EndGlobal
